// !$*UTF8*$!
{
	archiveVersion = 1;
	classes = {
	};
	objectVersion = 56;
	objects = {

/* Begin PBXBuildFile section */
		B9B247612B4432F800B77DBF /* AppDelegate.m in Sources */ = {isa = PBXBuildFile; fileRef = B9B247602B4432F800B77DBF /* AppDelegate.m */; };
		B9B247642B4432F800B77DBF /* SceneDelegate.m in Sources */ = {isa = PBXBuildFile; fileRef = B9B247632B4432F800B77DBF /* SceneDelegate.m */; };
		B9B247672B4432F800B77DBF /* ViewController.m in Sources */ = {isa = PBXBuildFile; fileRef = B9B247662B4432F800B77DBF /* ViewController.m */; };
		B9B2476A2B4432F800B77DBF /* Main.storyboard in Resources */ = {isa = PBXBuildFile; fileRef = B9B247682B4432F800B77DBF /* Main.storyboard */; };
		B9B2476C2B4432FA00B77DBF /* Assets.xcassets in Resources */ = {isa = PBXBuildFile; fileRef = B9B2476B2B4432FA00B77DBF /* Assets.xcassets */; };
		B9B2476F2B4432FA00B77DBF /* LaunchScreen.storyboard in Resources */ = {isa = PBXBuildFile; fileRef = B9B2476D2B4432FA00B77DBF /* LaunchScreen.storyboard */; };
		B9B247722B4432FA00B77DBF /* main.m in Sources */ = {isa = PBXBuildFile; fileRef = B9B247712B4432FA00B77DBF /* main.m */; };
		B9B2477C2B4432FA00B77DBF /* EllipseAnimationDemoTests.m in Sources */ = {isa = PBXBuildFile; fileRef = B9B2477B2B4432FA00B77DBF /* EllipseAnimationDemoTests.m */; };
		B9B247862B4432FB00B77DBF /* EllipseAnimationDemoUITests.m in Sources */ = {isa = PBXBuildFile; fileRef = B9B247852B4432FB00B77DBF /* EllipseAnimationDemoUITests.m */; };
		B9B247882B4432FB00B77DBF /* EllipseAnimationDemoUITestsLaunchTests.m in Sources */ = {isa = PBXBuildFile; fileRef = B9B247872B4432FB00B77DBF /* EllipseAnimationDemoUITestsLaunchTests.m */; };
		B9EB17BE2B4508D6000BB9E2 /* GJEllipseView.m in Sources */ = {isa = PBXBuildFile; fileRef = B9EB17BD2B4508D6000BB9E2 /* GJEllipseView.m */; };
/* End PBXBuildFile section */

/* Begin PBXContainerItemProxy section */
		B9B247782B4432FA00B77DBF /* PBXContainerItemProxy */ = {
			isa = PBXContainerItemProxy;
			containerPortal = B9B247542B4432F800B77DBF /* Project object */;
			proxyType = 1;
			remoteGlobalIDString = B9B2475B2B4432F800B77DBF;
			remoteInfo = EllipseAnimationDemo;
		};
		B9B247822B4432FA00B77DBF /* PBXContainerItemProxy */ = {
			isa = PBXContainerItemProxy;
			containerPortal = B9B247542B4432F800B77DBF /* Project object */;
			proxyType = 1;
			remoteGlobalIDString = B9B2475B2B4432F800B77DBF;
			remoteInfo = EllipseAnimationDemo;
		};
/* End PBXContainerItemProxy section */

/* Begin PBXFileReference section */
		B9B2475C2B4432F800B77DBF /* EllipseAnimationDemo.app */ = {isa = PBXFileReference; explicitFileType = wrapper.application; includeInIndex = 0; path = EllipseAnimationDemo.app; sourceTree = BUILT_PRODUCTS_DIR; };
		B9B2475F2B4432F800B77DBF /* AppDelegate.h */ = {isa = PBXFileReference; lastKnownFileType = sourcecode.c.h; path = AppDelegate.h; sourceTree = "<group>"; };
		B9B247602B4432F800B77DBF /* AppDelegate.m */ = {isa = PBXFileReference; lastKnownFileType = sourcecode.c.objc; path = AppDelegate.m; sourceTree = "<group>"; };
		B9B247622B4432F800B77DBF /* SceneDelegate.h */ = {isa = PBXFileReference; lastKnownFileType = sourcecode.c.h; path = SceneDelegate.h; sourceTree = "<group>"; };
		B9B247632B4432F800B77DBF /* SceneDelegate.m */ = {isa = PBXFileReference; lastKnownFileType = sourcecode.c.objc; path = SceneDelegate.m; sourceTree = "<group>"; };
		B9B247652B4432F800B77DBF /* ViewController.h */ = {isa = PBXFileReference; lastKnownFileType = sourcecode.c.h; path = ViewController.h; sourceTree = "<group>"; };
		B9B247662B4432F800B77DBF /* ViewController.m */ = {isa = PBXFileReference; lastKnownFileType = sourcecode.c.objc; path = ViewController.m; sourceTree = "<group>"; };
		B9B247692B4432F800B77DBF /* Base */ = {isa = PBXFileReference; lastKnownFileType = file.storyboard; name = Base; path = Base.lproj/Main.storyboard; sourceTree = "<group>"; };
		B9B2476B2B4432FA00B77DBF /* Assets.xcassets */ = {isa = PBXFileReference; lastKnownFileType = folder.assetcatalog; path = Assets.xcassets; sourceTree = "<group>"; };
		B9B2476E2B4432FA00B77DBF /* Base */ = {isa = PBXFileReference; lastKnownFileType = file.storyboard; name = Base; path = Base.lproj/LaunchScreen.storyboard; sourceTree = "<group>"; };
		B9B247702B4432FA00B77DBF /* Info.plist */ = {isa = PBXFileReference; lastKnownFileType = text.plist.xml; path = Info.plist; sourceTree = "<group>"; };
		B9B247712B4432FA00B77DBF /* main.m */ = {isa = PBXFileReference; lastKnownFileType = sourcecode.c.objc; path = main.m; sourceTree = "<group>"; };
		B9B247772B4432FA00B77DBF /* EllipseAnimationDemoTests.xctest */ = {isa = PBXFileReference; explicitFileType = wrapper.cfbundle; includeInIndex = 0; path = EllipseAnimationDemoTests.xctest; sourceTree = BUILT_PRODUCTS_DIR; };
		B9B2477B2B4432FA00B77DBF /* EllipseAnimationDemoTests.m */ = {isa = PBXFileReference; lastKnownFileType = sourcecode.c.objc; path = EllipseAnimationDemoTests.m; sourceTree = "<group>"; };
		B9B247812B4432FA00B77DBF /* EllipseAnimationDemoUITests.xctest */ = {isa = PBXFileReference; explicitFileType = wrapper.cfbundle; includeInIndex = 0; path = EllipseAnimationDemoUITests.xctest; sourceTree = BUILT_PRODUCTS_DIR; };
		B9B247852B4432FB00B77DBF /* EllipseAnimationDemoUITests.m */ = {isa = PBXFileReference; lastKnownFileType = sourcecode.c.objc; path = EllipseAnimationDemoUITests.m; sourceTree = "<group>"; };
		B9B247872B4432FB00B77DBF /* EllipseAnimationDemoUITestsLaunchTests.m */ = {isa = PBXFileReference; lastKnownFileType = sourcecode.c.objc; path = EllipseAnimationDemoUITestsLaunchTests.m; sourceTree = "<group>"; };
		B9B247942B44337B00B77DBF /* GJEllipseView.h */ = {isa = PBXFileReference; lastKnownFileType = sourcecode.c.h; path = GJEllipseView.h; sourceTree = "<group>"; };
		B9EB17BD2B4508D6000BB9E2 /* GJEllipseView.m */ = {isa = PBXFileReference; fileEncoding = 4; lastKnownFileType = sourcecode.c.objc; path = GJEllipseView.m; sourceTree = "<group>"; };
/* End PBXFileReference section */

/* Begin PBXFrameworksBuildPhase section */
		B9B247592B4432F800B77DBF /* Frameworks */ = {
			isa = PBXFrameworksBuildPhase;
			buildActionMask = 2147483647;
			files = (
			);
			runOnlyForDeploymentPostprocessing = 0;
		};
		B9B247742B4432FA00B77DBF /* Frameworks */ = {
			isa = PBXFrameworksBuildPhase;
			buildActionMask = 2147483647;
			files = (
			);
			runOnlyForDeploymentPostprocessing = 0;
		};
		B9B2477E2B4432FA00B77DBF /* Frameworks */ = {
			isa = PBXFrameworksBuildPhase;
			buildActionMask = 2147483647;
			files = (
			);
			runOnlyForDeploymentPostprocessing = 0;
		};
/* End PBXFrameworksBuildPhase section */

/* Begin PBXGroup section */
		B9B247532B4432F800B77DBF = {
			isa = PBXGroup;
			children = (
				B9B2475E2B4432F800B77DBF /* EllipseAnimationDemo */,
				B9B2477A2B4432FA00B77DBF /* EllipseAnimationDemoTests */,
				B9B247842B4432FA00B77DBF /* EllipseAnimationDemoUITests */,
				B9B2475D2B4432F800B77DBF /* Products */,
			);
			sourceTree = "<group>";
		};
		B9B2475D2B4432F800B77DBF /* Products */ = {
			isa = PBXGroup;
			children = (
				B9B2475C2B4432F800B77DBF /* EllipseAnimationDemo.app */,
				B9B247772B4432FA00B77DBF /* EllipseAnimationDemoTests.xctest */,
				B9B247812B4432FA00B77DBF /* EllipseAnimationDemoUITests.xctest */,
			);
			name = Products;
			sourceTree = "<group>";
		};
		B9B2475E2B4432F800B77DBF /* EllipseAnimationDemo */ = {
			isa = PBXGroup;
			children = (
				B9B2475F2B4432F800B77DBF /* AppDelegate.h */,
				B9B247602B4432F800B77DBF /* AppDelegate.m */,
				B9B247622B4432F800B77DBF /* SceneDelegate.h */,
				B9B247632B4432F800B77DBF /* SceneDelegate.m */,
				B9B247942B44337B00B77DBF /* GJEllipseView.h */,
				B9EB17BD2B4508D6000BB9E2 /* GJEllipseView.m */,
				B9B247652B4432F800B77DBF /* ViewController.h */,
				B9B247662B4432F800B77DBF /* ViewController.m */,
				B9B247682B4432F800B77DBF /* Main.storyboard */,
				B9B2476B2B4432FA00B77DBF /* Assets.xcassets */,
				B9B2476D2B4432FA00B77DBF /* LaunchScreen.storyboard */,
				B9B247702B4432FA00B77DBF /* Info.plist */,
				B9B247712B4432FA00B77DBF /* main.m */,
			);
			path = EllipseAnimationDemo;
			sourceTree = "<group>";
		};
		B9B2477A2B4432FA00B77DBF /* EllipseAnimationDemoTests */ = {
			isa = PBXGroup;
			children = (
				B9B2477B2B4432FA00B77DBF /* EllipseAnimationDemoTests.m */,
			);
			path = EllipseAnimationDemoTests;
			sourceTree = "<group>";
		};
		B9B247842B4432FA00B77DBF /* EllipseAnimationDemoUITests */ = {
			isa = PBXGroup;
			children = (
				B9B247852B4432FB00B77DBF /* EllipseAnimationDemoUITests.m */,
				B9B247872B4432FB00B77DBF /* EllipseAnimationDemoUITestsLaunchTests.m */,
			);
			path = EllipseAnimationDemoUITests;
			sourceTree = "<group>";
		};
/* End PBXGroup section */

/* Begin PBXNativeTarget section */
		B9B2475B2B4432F800B77DBF /* EllipseAnimationDemo */ = {
			isa = PBXNativeTarget;
			buildConfigurationList = B9B2478B2B4432FB00B77DBF /* Build configuration list for PBXNativeTarget "EllipseAnimationDemo" */;
			buildPhases = (
				B9B247582B4432F800B77DBF /* Sources */,
				B9B247592B4432F800B77DBF /* Frameworks */,
				B9B2475A2B4432F800B77DBF /* Resources */,
			);
			buildRules = (
			);
			dependencies = (
			);
			name = EllipseAnimationDemo;
			productName = EllipseAnimationDemo;
			productReference = B9B2475C2B4432F800B77DBF /* EllipseAnimationDemo.app */;
			productType = "com.apple.product-type.application";
		};
		B9B247762B4432FA00B77DBF /* EllipseAnimationDemoTests */ = {
			isa = PBXNativeTarget;
			buildConfigurationList = B9B2478E2B4432FB00B77DBF /* Build configuration list for PBXNativeTarget "EllipseAnimationDemoTests" */;
			buildPhases = (
				B9B247732B4432FA00B77DBF /* Sources */,
				B9B247742B4432FA00B77DBF /* Frameworks */,
				B9B247752B4432FA00B77DBF /* Resources */,
			);
			buildRules = (
			);
			dependencies = (
				B9B247792B4432FA00B77DBF /* PBXTargetDependency */,
			);
			name = EllipseAnimationDemoTests;
			productName = EllipseAnimationDemoTests;
			productReference = B9B247772B4432FA00B77DBF /* EllipseAnimationDemoTests.xctest */;
			productType = "com.apple.product-type.bundle.unit-test";
		};
		B9B247802B4432FA00B77DBF /* EllipseAnimationDemoUITests */ = {
			isa = PBXNativeTarget;
			buildConfigurationList = B9B247912B4432FB00B77DBF /* Build configuration list for PBXNativeTarget "EllipseAnimationDemoUITests" */;
			buildPhases = (
				B9B2477D2B4432FA00B77DBF /* Sources */,
				B9B2477E2B4432FA00B77DBF /* Frameworks */,
				B9B2477F2B4432FA00B77DBF /* Resources */,
			);
			buildRules = (
			);
			dependencies = (
				B9B247832B4432FA00B77DBF /* PBXTargetDependency */,
			);
			name = EllipseAnimationDemoUITests;
			productName = EllipseAnimationDemoUITests;
			productReference = B9B247812B4432FA00B77DBF /* EllipseAnimationDemoUITests.xctest */;
			productType = "com.apple.product-type.bundle.ui-testing";
		};
/* End PBXNativeTarget section */

/* Begin PBXProject section */
		B9B247542B4432F800B77DBF /* Project object */ = {
			isa = PBXProject;
			attributes = {
				BuildIndependentTargetsInParallel = 1;
				LastUpgradeCheck = 1430;
				TargetAttributes = {
					B9B2475B2B4432F800B77DBF = {
						CreatedOnToolsVersion = 14.3;
					};
					B9B247762B4432FA00B77DBF = {
						CreatedOnToolsVersion = 14.3;
						TestTargetID = B9B2475B2B4432F800B77DBF;
					};
					B9B247802B4432FA00B77DBF = {
						CreatedOnToolsVersion = 14.3;
						TestTargetID = B9B2475B2B4432F800B77DBF;
					};
				};
			};
			buildConfigurationList = B9B247572B4432F800B77DBF /* Build configuration list for PBXProject "EllipseAnimationDemo" */;
			compatibilityVersion = "Xcode 14.0";
			developmentRegion = en;
			hasScannedForEncodings = 0;
			knownRegions = (
				en,
				Base,
			);
			mainGroup = B9B247532B4432F800B77DBF;
			productRefGroup = B9B2475D2B4432F800B77DBF /* Products */;
			projectDirPath = "";
			projectRoot = "";
			targets = (
				B9B2475B2B4432F800B77DBF /* EllipseAnimationDemo */,
				B9B247762B4432FA00B77DBF /* EllipseAnimationDemoTests */,
				B9B247802B4432FA00B77DBF /* EllipseAnimationDemoUITests */,
			);
		};
/* End PBXProject section */

/* Begin PBXResourcesBuildPhase section */
		B9B2475A2B4432F800B77DBF /* Resources */ = {
			isa = PBXResourcesBuildPhase;
			buildActionMask = 2147483647;
			files = (
				B9B2476F2B4432FA00B77DBF /* LaunchScreen.storyboard in Resources */,
				B9B2476C2B4432FA00B77DBF /* Assets.xcassets in Resources */,
				B9B2476A2B4432F800B77DBF /* Main.storyboard in Resources */,
			);
			runOnlyForDeploymentPostprocessing = 0;
		};
		B9B247752B4432FA00B77DBF /* Resources */ = {
			isa = PBXResourcesBuildPhase;
			buildActionMask = 2147483647;
			files = (
			);
			runOnlyForDeploymentPostprocessing = 0;
		};
		B9B2477F2B4432FA00B77DBF /* Resources */ = {
			isa = PBXResourcesBuildPhase;
			buildActionMask = 2147483647;
			files = (
			);
			runOnlyForDeploymentPostprocessing = 0;
		};
/* End PBXResourcesBuildPhase section */

/* Begin PBXSourcesBuildPhase section */
		B9B247582B4432F800B77DBF /* Sources */ = {
			isa = PBXSourcesBuildPhase;
			buildActionMask = 2147483647;
			files = (
				B9B247672B4432F800B77DBF /* ViewController.m in Sources */,
				B9B247612B4432F800B77DBF /* AppDelegate.m in Sources */,
				B9B247722B4432FA00B77DBF /* main.m in Sources */,
				B9B247642B4432F800B77DBF /* SceneDelegate.m in Sources */,
				B9EB17BE2B4508D6000BB9E2 /* GJEllipseView.m in Sources */,
			);
			runOnlyForDeploymentPostprocessing = 0;
		};
		B9B247732B4432FA00B77DBF /* Sources */ = {
			isa = PBXSourcesBuildPhase;
			buildActionMask = 2147483647;
			files = (
				B9B2477C2B4432FA00B77DBF /* EllipseAnimationDemoTests.m in Sources */,
			);
			runOnlyForDeploymentPostprocessing = 0;
		};
		B9B2477D2B4432FA00B77DBF /* Sources */ = {
			isa = PBXSourcesBuildPhase;
			buildActionMask = 2147483647;
			files = (
				B9B247862B4432FB00B77DBF /* EllipseAnimationDemoUITests.m in Sources */,
				B9B247882B4432FB00B77DBF /* EllipseAnimationDemoUITestsLaunchTests.m in Sources */,
			);
			runOnlyForDeploymentPostprocessing = 0;
		};
/* End PBXSourcesBuildPhase section */

/* Begin PBXTargetDependency section */
		B9B247792B4432FA00B77DBF /* PBXTargetDependency */ = {
			isa = PBXTargetDependency;
			target = B9B2475B2B4432F800B77DBF /* EllipseAnimationDemo */;
			targetProxy = B9B247782B4432FA00B77DBF /* PBXContainerItemProxy */;
		};
		B9B247832B4432FA00B77DBF /* PBXTargetDependency */ = {
			isa = PBXTargetDependency;
			target = B9B2475B2B4432F800B77DBF /* EllipseAnimationDemo */;
			targetProxy = B9B247822B4432FA00B77DBF /* PBXContainerItemProxy */;
		};
/* End PBXTargetDependency section */

/* Begin PBXVariantGroup section */
		B9B247682B4432F800B77DBF /* Main.storyboard */ = {
			isa = PBXVariantGroup;
			children = (
				B9B247692B4432F800B77DBF /* Base */,
			);
			name = Main.storyboard;
			sourceTree = "<group>";
		};
		B9B2476D2B4432FA00B77DBF /* LaunchScreen.storyboard */ = {
			isa = PBXVariantGroup;
			children = (
				B9B2476E2B4432FA00B77DBF /* Base */,
			);
			name = LaunchScreen.storyboard;
			sourceTree = "<group>";
		};
/* End PBXVariantGroup section */

/* Begin XCBuildConfiguration section */
		B9B247892B4432FB00B77DBF /* Debug */ = {
			isa = XCBuildConfiguration;
			buildSettings = {
				ALWAYS_SEARCH_USER_PATHS = NO;
				CLANG_ANALYZER_NONNULL = YES;
				CLANG_ANALYZER_NUMBER_OBJECT_CONVERSION = YES_AGGRESSIVE;
				CLANG_CXX_LANGUAGE_STANDARD = "gnu++20";
				CLANG_ENABLE_MODULES = YES;
				CLANG_ENABLE_OBJC_ARC = YES;
				CLANG_ENABLE_OBJC_WEAK = YES;
				CLANG_WARN_BLOCK_CAPTURE_AUTORELEASING = YES;
				CLANG_WARN_BOOL_CONVERSION = YES;
				CLANG_WARN_COMMA = YES;
				CLANG_WARN_CONSTANT_CONVERSION = YES;
				CLANG_WARN_DEPRECATED_OBJC_IMPLEMENTATIONS = YES;
				CLANG_WARN_DIRECT_OBJC_ISA_USAGE = YES_ERROR;
				CLANG_WARN_DOCUMENTATION_COMMENTS = YES;
				CLANG_WARN_EMPTY_BODY = YES;
				CLANG_WARN_ENUM_CONVERSION = YES;
				CLANG_WARN_INFINITE_RECURSION = YES;
				CLANG_WARN_INT_CONVERSION = YES;
				CLANG_WARN_NON_LITERAL_NULL_CONVERSION = YES;
				CLANG_WARN_OBJC_IMPLICIT_RETAIN_SELF = YES;
				CLANG_WARN_OBJC_LITERAL_CONVERSION = YES;
				CLANG_WARN_OBJC_ROOT_CLASS = YES_ERROR;
				CLANG_WARN_QUOTED_INCLUDE_IN_FRAMEWORK_HEADER = YES;
				CLANG_WARN_RANGE_LOOP_ANALYSIS = YES;
				CLANG_WARN_STRICT_PROTOTYPES = YES;
				CLANG_WARN_SUSPICIOUS_MOVE = YES;
				CLANG_WARN_UNGUARDED_AVAILABILITY = YES_AGGRESSIVE;
				CLANG_WARN_UNREACHABLE_CODE = YES;
				CLANG_WARN__DUPLICATE_METHOD_MATCH = YES;
				COPY_PHASE_STRIP = NO;
				DEBUG_INFORMATION_FORMAT = dwarf;
				ENABLE_STRICT_OBJC_MSGSEND = YES;
				ENABLE_TESTABILITY = YES;
				GCC_C_LANGUAGE_STANDARD = gnu11;
				GCC_DYNAMIC_NO_PIC = NO;
				GCC_NO_COMMON_BLOCKS = YES;
				GCC_OPTIMIZATION_LEVEL = 0;
				GCC_PREPROCESSOR_DEFINITIONS = (
					"DEBUG=1",
					"$(inherited)",
				);
				GCC_WARN_64_TO_32_BIT_CONVERSION = YES;
				GCC_WARN_ABOUT_RETURN_TYPE = YES_ERROR;
				GCC_WARN_UNDECLARED_SELECTOR = YES;
				GCC_WARN_UNINITIALIZED_AUTOS = YES_AGGRESSIVE;
				GCC_WARN_UNUSED_FUNCTION = YES;
				GCC_WARN_UNUSED_VARIABLE = YES;
				IPHONEOS_DEPLOYMENT_TARGET = 16.4;
				MTL_ENABLE_DEBUG_INFO = INCLUDE_SOURCE;
				MTL_FAST_MATH = YES;
				ONLY_ACTIVE_ARCH = YES;
				SDKROOT = iphoneos;
			};
			name = Debug;
		};
		B9B2478A2B4432FB00B77DBF /* Release */ = {
			isa = XCBuildConfiguration;
			buildSettings = {
				ALWAYS_SEARCH_USER_PATHS = NO;
				CLANG_ANALYZER_NONNULL = YES;
				CLANG_ANALYZER_NUMBER_OBJECT_CONVERSION = YES_AGGRESSIVE;
				CLANG_CXX_LANGUAGE_STANDARD = "gnu++20";
				CLANG_ENABLE_MODULES = YES;
				CLANG_ENABLE_OBJC_ARC = YES;
				CLANG_ENABLE_OBJC_WEAK = YES;
				CLANG_WARN_BLOCK_CAPTURE_AUTORELEASING = YES;
				CLANG_WARN_BOOL_CONVERSION = YES;
				CLANG_WARN_COMMA = YES;
				CLANG_WARN_CONSTANT_CONVERSION = YES;
				CLANG_WARN_DEPRECATED_OBJC_IMPLEMENTATIONS = YES;
				CLANG_WARN_DIRECT_OBJC_ISA_USAGE = YES_ERROR;
				CLANG_WARN_DOCUMENTATION_COMMENTS = YES;
				CLANG_WARN_EMPTY_BODY = YES;
				CLANG_WARN_ENUM_CONVERSION = YES;
				CLANG_WARN_INFINITE_RECURSION = YES;
				CLANG_WARN_INT_CONVERSION = YES;
				CLANG_WARN_NON_LITERAL_NULL_CONVERSION = YES;
				CLANG_WARN_OBJC_IMPLICIT_RETAIN_SELF = YES;
				CLANG_WARN_OBJC_LITERAL_CONVERSION = YES;
				CLANG_WARN_OBJC_ROOT_CLASS = YES_ERROR;
				CLANG_WARN_QUOTED_INCLUDE_IN_FRAMEWORK_HEADER = YES;
				CLANG_WARN_RANGE_LOOP_ANALYSIS = YES;
				CLANG_WARN_STRICT_PROTOTYPES = YES;
				CLANG_WARN_SUSPICIOUS_MOVE = YES;
				CLANG_WARN_UNGUARDED_AVAILABILITY = YES_AGGRESSIVE;
				CLANG_WARN_UNREACHABLE_CODE = YES;
				CLANG_WARN__DUPLICATE_METHOD_MATCH = YES;
				COPY_PHASE_STRIP = NO;
				DEBUG_INFORMATION_FORMAT = "dwarf-with-dsym";
				ENABLE_NS_ASSERTIONS = NO;
				ENABLE_STRICT_OBJC_MSGSEND = YES;
				GCC_C_LANGUAGE_STANDARD = gnu11;
				GCC_NO_COMMON_BLOCKS = YES;
				GCC_WARN_64_TO_32_BIT_CONVERSION = YES;
				GCC_WARN_ABOUT_RETURN_TYPE = YES_ERROR;
				GCC_WARN_UNDECLARED_SELECTOR = YES;
				GCC_WARN_UNINITIALIZED_AUTOS = YES_AGGRESSIVE;
				GCC_WARN_UNUSED_FUNCTION = YES;
				GCC_WARN_UNUSED_VARIABLE = YES;
				IPHONEOS_DEPLOYMENT_TARGET = 16.4;
				MTL_ENABLE_DEBUG_INFO = NO;
				MTL_FAST_MATH = YES;
				SDKROOT = iphoneos;
				VALIDATE_PRODUCT = YES;
			};
			name = Release;
		};
		B9B2478C2B4432FB00B77DBF /* Debug */ = {
			isa = XCBuildConfiguration;
			buildSettings = {
				ASSETCATALOG_COMPILER_APPICON_NAME = AppIcon;
				ASSETCATALOG_COMPILER_GLOBAL_ACCENT_COLOR_NAME = AccentColor;
				CODE_SIGN_STYLE = Automatic;
				CURRENT_PROJECT_VERSION = 1;
				DEVELOPMENT_TEAM = 4RKCH4CTZ9;
				GENERATE_INFOPLIST_FILE = YES;
				INFOPLIST_FILE = EllipseAnimationDemo/Info.plist;
				INFOPLIST_KEY_UIApplicationSupportsIndirectInputEvents = YES;
				INFOPLIST_KEY_UILaunchStoryboardName = LaunchScreen;
				INFOPLIST_KEY_UIMainStoryboardFile = Main;
				INFOPLIST_KEY_UISupportedInterfaceOrientations_iPad = "UIInterfaceOrientationPortrait UIInterfaceOrientationPortraitUpsideDown UIInterfaceOrientationLandscapeLeft UIInterfaceOrientationLandscapeRight";
				INFOPLIST_KEY_UISupportedInterfaceOrientations_iPhone = "UIInterfaceOrientationPortrait UIInterfaceOrientationLandscapeLeft UIInterfaceOrientationLandscapeRight";
				IPHONEOS_DEPLOYMENT_TARGET = 11.0;
				LD_RUNPATH_SEARCH_PATHS = (
					"$(inherited)",
					"@executable_path/Frameworks",
				);
				MARKETING_VERSION = 1.0;
				PRODUCT_BUNDLE_IDENTIFIER = com.baidu.faceaimingjingenterprise;
				PRODUCT_NAME = "$(TARGET_NAME)";
				SWIFT_EMIT_LOC_STRINGS = YES;
				TARGETED_DEVICE_FAMILY = "1,2";
			};
			name = Debug;
		};
		B9B2478D2B4432FB00B77DBF /* Release */ = {
			isa = XCBuildConfiguration;
			buildSettings = {
				ASSETCATALOG_COMPILER_APPICON_NAME = AppIcon;
				ASSETCATALOG_COMPILER_GLOBAL_ACCENT_COLOR_NAME = AccentColor;
				CODE_SIGN_STYLE = Automatic;
				CURRENT_PROJECT_VERSION = 1;
				DEVELOPMENT_TEAM = 4RKCH4CTZ9;
				GENERATE_INFOPLIST_FILE = YES;
				INFOPLIST_FILE = EllipseAnimationDemo/Info.plist;
				INFOPLIST_KEY_UIApplicationSupportsIndirectInputEvents = YES;
				INFOPLIST_KEY_UILaunchStoryboardName = LaunchScreen;
				INFOPLIST_KEY_UIMainStoryboardFile = Main;
				INFOPLIST_KEY_UISupportedInterfaceOrientations_iPad = "UIInterfaceOrientationPortrait UIInterfaceOrientationPortraitUpsideDown UIInterfaceOrientationLandscapeLeft UIInterfaceOrientationLandscapeRight";
				INFOPLIST_KEY_UISupportedInterfaceOrientations_iPhone = "UIInterfaceOrientationPortrait UIInterfaceOrientationLandscapeLeft UIInterfaceOrientationLandscapeRight";
				IPHONEOS_DEPLOYMENT_TARGET = 11.0;
				LD_RUNPATH_SEARCH_PATHS = (
					"$(inherited)",
					"@executable_path/Frameworks",
				);
				MARKETING_VERSION = 1.0;
				PRODUCT_BUNDLE_IDENTIFIER = com.baidu.faceaimingjingenterprise;
				PRODUCT_NAME = "$(TARGET_NAME)";
				SWIFT_EMIT_LOC_STRINGS = YES;
				TARGETED_DEVICE_FAMILY = "1,2";
			};
			name = Release;
		};
		B9B2478F2B4432FB00B77DBF /* Debug */ = {
			isa = XCBuildConfiguration;
			buildSettings = {
				BUNDLE_LOADER = "$(TEST_HOST)";
				CODE_SIGN_STYLE = Automatic;
				CURRENT_PROJECT_VERSION = 1;
				DEVELOPMENT_TEAM = 4RKCH4CTZ9;
				GENERATE_INFOPLIST_FILE = YES;
				IPHONEOS_DEPLOYMENT_TARGET = 16.4;
				MARKETING_VERSION = 1.0;
				PRODUCT_BUNDLE_IDENTIFIER = com.baidu.faceaimingjingenterprise.EllipseAnimationDemoTests;
				PRODUCT_NAME = "$(TARGET_NAME)";
				SWIFT_EMIT_LOC_STRINGS = NO;
				TARGETED_DEVICE_FAMILY = "1,2";
				TEST_HOST = "$(BUILT_PRODUCTS_DIR)/EllipseAnimationDemo.app/$(BUNDLE_EXECUTABLE_FOLDER_PATH)/EllipseAnimationDemo";
			};
			name = Debug;
		};
		B9B247902B4432FB00B77DBF /* Release */ = {
			isa = XCBuildConfiguration;
			buildSettings = {
				BUNDLE_LOADER = "$(TEST_HOST)";
				CODE_SIGN_STYLE = Automatic;
				CURRENT_PROJECT_VERSION = 1;
				DEVELOPMENT_TEAM = 4RKCH4CTZ9;
				GENERATE_INFOPLIST_FILE = YES;
				IPHONEOS_DEPLOYMENT_TARGET = 16.4;
				MARKETING_VERSION = 1.0;
				PRODUCT_BUNDLE_IDENTIFIER = com.baidu.faceaimingjingenterprise.EllipseAnimationDemoTests;
				PRODUCT_NAME = "$(TARGET_NAME)";
				SWIFT_EMIT_LOC_STRINGS = NO;
				TARGETED_DEVICE_FAMILY = "1,2";
				TEST_HOST = "$(BUILT_PRODUCTS_DIR)/EllipseAnimationDemo.app/$(BUNDLE_EXECUTABLE_FOLDER_PATH)/EllipseAnimationDemo";
			};
			name = Release;
		};
		B9B247922B4432FB00B77DBF /* Debug */ = {
			isa = XCBuildConfiguration;
			buildSettings = {
				CODE_SIGN_STYLE = Automatic;
				CURRENT_PROJECT_VERSION = 1;
				DEVELOPMENT_TEAM = 4RKCH4CTZ9;
				GENERATE_INFOPLIST_FILE = YES;
				MARKETING_VERSION = 1.0;
				PRODUCT_BUNDLE_IDENTIFIER = com.baidu.faceaimingjingenterprise.EllipseAnimationDemoUITests;
				PRODUCT_NAME = "$(TARGET_NAME)";
				SWIFT_EMIT_LOC_STRINGS = NO;
				TARGETED_DEVICE_FAMILY = "1,2";
				TEST_TARGET_NAME = EllipseAnimationDemo;
			};
			name = Debug;
		};
		B9B247932B4432FB00B77DBF /* Release */ = {
			isa = XCBuildConfiguration;
			buildSettings = {
				CODE_SIGN_STYLE = Automatic;
				CURRENT_PROJECT_VERSION = 1;
				DEVELOPMENT_TEAM = 4RKCH4CTZ9;
				GENERATE_INFOPLIST_FILE = YES;
				MARKETING_VERSION = 1.0;
				PRODUCT_BUNDLE_IDENTIFIER = com.baidu.faceaimingjingenterprise.EllipseAnimationDemoUITests;
				PRODUCT_NAME = "$(TARGET_NAME)";
				SWIFT_EMIT_LOC_STRINGS = NO;
				TARGETED_DEVICE_FAMILY = "1,2";
				TEST_TARGET_NAME = EllipseAnimationDemo;
			};
			name = Release;
		};
/* End XCBuildConfiguration section */

/* Begin XCConfigurationList section */
		B9B247572B4432F800B77DBF /* Build configuration list for PBXProject "EllipseAnimationDemo" */ = {
			isa = XCConfigurationList;
			buildConfigurations = (
				B9B247892B4432FB00B77DBF /* Debug */,
				B9B2478A2B4432FB00B77DBF /* Release */,
			);
			defaultConfigurationIsVisible = 0;
			defaultConfigurationName = Release;
		};
		B9B2478B2B4432FB00B77DBF /* Build configuration list for PBXNativeTarget "EllipseAnimationDemo" */ = {
			isa = XCConfigurationList;
			buildConfigurations = (
				B9B2478C2B4432FB00B77DBF /* Debug */,
				B9B2478D2B4432FB00B77DBF /* Release */,
			);
			defaultConfigurationIsVisible = 0;
			defaultConfigurationName = Release;
		};
		B9B2478E2B4432FB00B77DBF /* Build configuration list for PBXNativeTarget "EllipseAnimationDemoTests" */ = {
			isa = XCConfigurationList;
			buildConfigurations = (
				B9B2478F2B4432FB00B77DBF /* Debug */,
				B9B247902B4432FB00B77DBF /* Release */,
			);
			defaultConfigurationIsVisible = 0;
			defaultConfigurationName = Release;
		};
		B9B247912B4432FB00B77DBF /* Build configuration list for PBXNativeTarget "EllipseAnimationDemoUITests" */ = {
			isa = XCConfigurationList;
			buildConfigurations = (
				B9B247922B4432FB00B77DBF /* Debug */,
				B9B247932B4432FB00B77DBF /* Release */,
			);
			defaultConfigurationIsVisible = 0;
			defaultConfigurationName = Release;
		};
/* End XCConfigurationList section */
	};
	rootObject = B9B247542B4432F800B77DBF /* Project object */;
}
